PODS:
  - Alamofire (4.9.1)
  - JWTDecode (2.4.0)
  - Moya (13.0.0-beta.1):
    - Moya/Core (= 13.0.0-beta.1)
  - Moya/Core (13.0.0-beta.1):
    - Alamofire (~> 4.1)
    - Result (~> 4.1)
  - Realm (3.20.0):
    - Realm/Headers (= 3.20.0)
  - Realm/Headers (3.20.0)
  - RealmSwift (3.20.0):
    - Realm (= 3.20.0)
  - Result (4.1.0)
  - SwiftSpinner (2.1.0)
  - SwipeCellKit (2.7.1)

DEPENDENCIES:
  - JWTDecode (~> 2.2)
  - Moya (= 13.0.0-beta.1)
  - RealmSwift (~> 3.20.0)
  - Result
  - SwiftSpinner
  - SwipeCellKit

SPEC REPOS:
  trunk:
    - Alamofire
    - JWTDecode
    - Moya
    - Realm
    - RealmSwift
    - Result
    - SwiftSpinner
    - SwipeCellKit

SPEC CHECKSUMS:
  Alamofire: 85e8a02c69d6020a0d734f6054870d7ecb75cf18
  JWTDecode: 0930fb517c27bac2daef7cabc13577b18fdee0da
  Moya: c084dac5ea389eeac7c1059f0553d74197182d39
  Realm: 8b2ca5bc6479a91f379b6b42b5922e396cd5ba5a
  RealmSwift: 1949ef26a279e1845bd51d591b9103adfcd121df
  Result: bd966fac789cc6c1563440b348ab2598cc24d5c7
  SwiftSpinner: 0f15c006307f8d8bbac075638927ec1361b565d7
  SwipeCellKit: 3972254a826da74609926daf59b08d6c72e619ea

PODFILE CHECKSUM: bc6c19648709e5d4677c2d0c1381168a7f773a34

COCOAPODS: 1.8.4
